{
  "object": {
    "pins": [
      {
        "package": "CDSKit",
        "repositoryURL": "https://github.com/TeamCatchMe/CDSKit",
        "state": {
          "branch": null,
          "revision": "c12430bf69399655c03c9790d655e8309c08dda0",
          "version": "0.1.7"
        }
      },
      {
        "package": "SnapKit",
        "repositoryURL": "https://github.com/SnapKit/SnapKit.git",
        "state": {
          "branch": null,
          "revision": "d458564516e5676af9c70b4f4b2a9178294f1bc6",
          "version": "5.0.1"
        }
      },
      {
        "package": "Then",
        "repositoryURL": "https://github.com/devxoul/Then",
        "state": {
          "branch": null,
          "revision": "e421a7b3440a271834337694e6050133a3958bc7",
          "version": "2.7.0"
        }
      }
    ]
  },
  "version": 1
}
